
Microsoft Visual Studio Solution File, Format Version 12.00
# Visual Studio 15
VisualStudioVersion = 15.0.26730.12
MinimumVisualStudioVersion = 10.0.40219.1
Project("{FAE04EC0-301F-11D3-BF4B-00C04F79EFBC}") = "XF.Recursos.Android", "XF.Recursos\XF.Recursos.Android\XF.Recursos.Android.csproj", "{324BD669-AD0E-47BC-ADA6-5E912057F6FD}"
EndProject
Project("{FAE04EC0-301F-11D3-BF4B-00C04F79EFBC}") = "XF.Recursos", "XF.Recursos\XF.Recursos\XF.Recursos.csproj", "{6E626BBF-E9AB-4E27-A038-59A075F4324C}"
EndProject
Project("{FAE04EC0-301F-11D3-BF4B-00C04F79EFBC}") = "XF.Recursos.UWP", "XF.Recursos\XF.Recursos.UWP\XF.Recursos.UWP.csproj", "{50AC21DA-D404-45B6-BC13-385BB4CB6E38}"
EndProject
Project("{FAE04EC0-301F-11D3-BF4B-00C04F79EFBC}") = "XF.Recursos.iOS", "XF.Recursos\XF.Recursos.iOS\XF.Recursos.iOS.csproj", "{778BE343-14CC-47CC-A23B-7B0779029287}"
EndProject
Global
	GlobalSection(SolutionConfigurationPlatforms) = preSolution
		Ad-Hoc|Any CPU = Ad-Hoc|Any CPU
		Ad-Hoc|ARM = Ad-Hoc|ARM
		Ad-Hoc|iPhone = Ad-Hoc|iPhone
		Ad-Hoc|iPhoneSimulator = Ad-Hoc|iPhoneSimulator
		Ad-Hoc|x64 = Ad-Hoc|x64
		Ad-Hoc|x86 = Ad-Hoc|x86
		AppStore|Any CPU = AppStore|Any CPU
		AppStore|ARM = AppStore|ARM
		AppStore|iPhone = AppStore|iPhone
		AppStore|iPhoneSimulator = AppStore|iPhoneSimulator
		AppStore|x64 = AppStore|x64
		AppStore|x86 = AppStore|x86
		Debug|Any CPU = Debug|Any CPU
		Debug|ARM = Debug|ARM
		Debug|iPhone = Debug|iPhone
		Debug|iPhoneSimulator = Debug|iPhoneSimulator
		Debug|x64 = Debug|x64
		Debug|x86 = Debug|x86
		Release|Any CPU = Release|Any CPU
		Release|ARM = Release|ARM
		Release|iPhone = Release|iPhone
		Release|iPhoneSimulator = Release|iPhoneSimulator
		Release|x64 = Release|x64
		Release|x86 = Release|x86
	EndGlobalSection
	GlobalSection(ProjectConfigurationPlatforms) = postSolution
		{324BD669-AD0E-47BC-ADA6-5E912057F6FD}.Ad-Hoc|Any CPU.ActiveCfg = Release|Any CPU
		{324BD669-AD0E-47BC-ADA6-5E912057F6FD}.Ad-Hoc|Any CPU.Build.0 = Release|Any CPU
		{324BD669-AD0E-47BC-ADA6-5E912057F6FD}.Ad-Hoc|Any CPU.Deploy.0 = Release|Any CPU
		{324BD669-AD0E-47BC-ADA6-5E912057F6FD}.Ad-Hoc|ARM.ActiveCfg = Release|Any CPU
		{324BD669-AD0E-47BC-ADA6-5E912057F6FD}.Ad-Hoc|ARM.Build.0 = Release|Any CPU
		{324BD669-AD0E-47BC-ADA6-5E912057F6FD}.Ad-Hoc|ARM.Deploy.0 = Release|Any CPU
		{324BD669-AD0E-47BC-ADA6-5E912057F6FD}.Ad-Hoc|iPhone.ActiveCfg = Release|Any CPU
		{324BD669-AD0E-47BC-ADA6-5E912057F6FD}.Ad-Hoc|iPhone.Build.0 = Release|Any CPU
		{324BD669-AD0E-47BC-ADA6-5E912057F6FD}.Ad-Hoc|iPhone.Deploy.0 = Release|Any CPU
		{324BD669-AD0E-47BC-ADA6-5E912057F6FD}.Ad-Hoc|iPhoneSimulator.ActiveCfg = Release|Any CPU
		{324BD669-AD0E-47BC-ADA6-5E912057F6FD}.Ad-Hoc|iPhoneSimulator.Build.0 = Release|Any CPU
		{324BD669-AD0E-47BC-ADA6-5E912057F6FD}.Ad-Hoc|iPhoneSimulator.Deploy.0 = Release|Any CPU
		{324BD669-AD0E-47BC-ADA6-5E912057F6FD}.Ad-Hoc|x64.ActiveCfg = Release|Any CPU
		{324BD669-AD0E-47BC-ADA6-5E912057F6FD}.Ad-Hoc|x64.Build.0 = Release|Any CPU
		{324BD669-AD0E-47BC-ADA6-5E912057F6FD}.Ad-Hoc|x64.Deploy.0 = Release|Any CPU
		{324BD669-AD0E-47BC-ADA6-5E912057F6FD}.Ad-Hoc|x86.ActiveCfg = Release|Any CPU
		{324BD669-AD0E-47BC-ADA6-5E912057F6FD}.Ad-Hoc|x86.Build.0 = Release|Any CPU
		{324BD669-AD0E-47BC-ADA6-5E912057F6FD}.Ad-Hoc|x86.Deploy.0 = Release|Any CPU
		{324BD669-AD0E-47BC-ADA6-5E912057F6FD}.AppStore|Any CPU.ActiveCfg = Release|Any CPU
		{324BD669-AD0E-47BC-ADA6-5E912057F6FD}.AppStore|Any CPU.Build.0 = Release|Any CPU
		{324BD669-AD0E-47BC-ADA6-5E912057F6FD}.AppStore|Any CPU.Deploy.0 = Release|Any CPU
		{324BD669-AD0E-47BC-ADA6-5E912057F6FD}.AppStore|ARM.ActiveCfg = Release|Any CPU
		{324BD669-AD0E-47BC-ADA6-5E912057F6FD}.AppStore|ARM.Build.0 = Release|Any CPU
		{324BD669-AD0E-47BC-ADA6-5E912057F6FD}.AppStore|ARM.Deploy.0 = Release|Any CPU
		{324BD669-AD0E-47BC-ADA6-5E912057F6FD}.AppStore|iPhone.ActiveCfg = Release|Any CPU
		{324BD669-AD0E-47BC-ADA6-5E912057F6FD}.AppStore|iPhone.Build.0 = Release|Any CPU
		{324BD669-AD0E-47BC-ADA6-5E912057F6FD}.AppStore|iPhone.Deploy.0 = Release|Any CPU
		{324BD669-AD0E-47BC-ADA6-5E912057F6FD}.AppStore|iPhoneSimulator.ActiveCfg = Release|Any CPU
		{324BD669-AD0E-47BC-ADA6-5E912057F6FD}.AppStore|iPhoneSimulator.Build.0 = Release|Any CPU
		{324BD669-AD0E-47BC-ADA6-5E912057F6FD}.AppStore|iPhoneSimulator.Deploy.0 = Release|Any CPU
		{324BD669-AD0E-47BC-ADA6-5E912057F6FD}.AppStore|x64.ActiveCfg = Release|Any CPU
		{324BD669-AD0E-47BC-ADA6-5E912057F6FD}.AppStore|x64.Build.0 = Release|Any CPU
		{324BD669-AD0E-47BC-ADA6-5E912057F6FD}.AppStore|x64.Deploy.0 = Release|Any CPU
		{324BD669-AD0E-47BC-ADA6-5E912057F6FD}.AppStore|x86.ActiveCfg = Release|Any CPU
		{324BD669-AD0E-47BC-ADA6-5E912057F6FD}.AppStore|x86.Build.0 = Release|Any CPU
		{324BD669-AD0E-47BC-ADA6-5E912057F6FD}.AppStore|x86.Deploy.0 = Release|Any CPU
		{324BD669-AD0E-47BC-ADA6-5E912057F6FD}.Debug|Any CPU.ActiveCfg = Debug|Any CPU
		{324BD669-AD0E-47BC-ADA6-5E912057F6FD}.Debug|Any CPU.Build.0 = Debug|Any CPU
		{324BD669-AD0E-47BC-ADA6-5E912057F6FD}.Debug|Any CPU.Deploy.0 = Debug|Any CPU
		{324BD669-AD0E-47BC-ADA6-5E912057F6FD}.Debug|ARM.ActiveCfg = Debug|Any CPU
		{324BD669-AD0E-47BC-ADA6-5E912057F6FD}.Debug|ARM.Build.0 = Debug|Any CPU
		{324BD669-AD0E-47BC-ADA6-5E912057F6FD}.Debug|ARM.Deploy.0 = Debug|Any CPU
		{324BD669-AD0E-47BC-ADA6-5E912057F6FD}.Debug|iPhone.ActiveCfg = Debug|Any CPU
		{324BD669-AD0E-47BC-ADA6-5E912057F6FD}.Debug|iPhone.Build.0 = Debug|Any CPU
		{324BD669-AD0E-47BC-ADA6-5E912057F6FD}.Debug|iPhone.Deploy.0 = Debug|Any CPU
		{324BD669-AD0E-47BC-ADA6-5E912057F6FD}.Debug|iPhoneSimulator.ActiveCfg = Debug|Any CPU
		{324BD669-AD0E-47BC-ADA6-5E912057F6FD}.Debug|iPhoneSimulator.Build.0 = Debug|Any CPU
		{324BD669-AD0E-47BC-ADA6-5E912057F6FD}.Debug|iPhoneSimulator.Deploy.0 = Debug|Any CPU
		{324BD669-AD0E-47BC-ADA6-5E912057F6FD}.Debug|x64.ActiveCfg = Debug|Any CPU
		{324BD669-AD0E-47BC-ADA6-5E912057F6FD}.Debug|x64.Build.0 = Debug|Any CPU
		{324BD669-AD0E-47BC-ADA6-5E912057F6FD}.Debug|x64.Deploy.0 = Debug|Any CPU
		{324BD669-AD0E-47BC-ADA6-5E912057F6FD}.Debug|x86.ActiveCfg = Debug|Any CPU
		{324BD669-AD0E-47BC-ADA6-5E912057F6FD}.Debug|x86.Build.0 = Debug|Any CPU
		{324BD669-AD0E-47BC-ADA6-5E912057F6FD}.Debug|x86.Deploy.0 = Debug|Any CPU
		{324BD669-AD0E-47BC-ADA6-5E912057F6FD}.Release|Any CPU.ActiveCfg = Release|Any CPU
		{324BD669-AD0E-47BC-ADA6-5E912057F6FD}.Release|Any CPU.Build.0 = Release|Any CPU
		{324BD669-AD0E-47BC-ADA6-5E912057F6FD}.Release|Any CPU.Deploy.0 = Release|Any CPU
		{324BD669-AD0E-47BC-ADA6-5E912057F6FD}.Release|ARM.ActiveCfg = Release|Any CPU
		{324BD669-AD0E-47BC-ADA6-5E912057F6FD}.Release|ARM.Build.0 = Release|Any CPU
		{324BD669-AD0E-47BC-ADA6-5E912057F6FD}.Release|ARM.Deploy.0 = Release|Any CPU
		{324BD669-AD0E-47BC-ADA6-5E912057F6FD}.Release|iPhone.ActiveCfg = Release|Any CPU
		{324BD669-AD0E-47BC-ADA6-5E912057F6FD}.Release|iPhone.Build.0 = Release|Any CPU
		{324BD669-AD0E-47BC-ADA6-5E912057F6FD}.Release|iPhone.Deploy.0 = Release|Any CPU
		{324BD669-AD0E-47BC-ADA6-5E912057F6FD}.Release|iPhoneSimulator.ActiveCfg = Release|Any CPU
		{324BD669-AD0E-47BC-ADA6-5E912057F6FD}.Release|iPhoneSimulator.Build.0 = Release|Any CPU
		{324BD669-AD0E-47BC-ADA6-5E912057F6FD}.Release|iPhoneSimulator.Deploy.0 = Release|Any CPU
		{324BD669-AD0E-47BC-ADA6-5E912057F6FD}.Release|x64.ActiveCfg = Release|Any CPU
		{324BD669-AD0E-47BC-ADA6-5E912057F6FD}.Release|x64.Build.0 = Release|Any CPU
		{324BD669-AD0E-47BC-ADA6-5E912057F6FD}.Release|x64.Deploy.0 = Release|Any CPU
		{324BD669-AD0E-47BC-ADA6-5E912057F6FD}.Release|x86.ActiveCfg = Release|Any CPU
		{324BD669-AD0E-47BC-ADA6-5E912057F6FD}.Release|x86.Build.0 = Release|Any CPU
		{324BD669-AD0E-47BC-ADA6-5E912057F6FD}.Release|x86.Deploy.0 = Release|Any CPU
		{6E626BBF-E9AB-4E27-A038-59A075F4324C}.Ad-Hoc|Any CPU.ActiveCfg = Release|Any CPU
		{6E626BBF-E9AB-4E27-A038-59A075F4324C}.Ad-Hoc|Any CPU.Build.0 = Release|Any CPU
		{6E626BBF-E9AB-4E27-A038-59A075F4324C}.Ad-Hoc|ARM.ActiveCfg = Release|Any CPU
		{6E626BBF-E9AB-4E27-A038-59A075F4324C}.Ad-Hoc|ARM.Build.0 = Release|Any CPU
		{6E626BBF-E9AB-4E27-A038-59A075F4324C}.Ad-Hoc|iPhone.ActiveCfg = Release|Any CPU
		{6E626BBF-E9AB-4E27-A038-59A075F4324C}.Ad-Hoc|iPhone.Build.0 = Release|Any CPU
		{6E626BBF-E9AB-4E27-A038-59A075F4324C}.Ad-Hoc|iPhoneSimulator.ActiveCfg = Release|Any CPU
		{6E626BBF-E9AB-4E27-A038-59A075F4324C}.Ad-Hoc|iPhoneSimulator.Build.0 = Release|Any CPU
		{6E626BBF-E9AB-4E27-A038-59A075F4324C}.Ad-Hoc|x64.ActiveCfg = Release|Any CPU
		{6E626BBF-E9AB-4E27-A038-59A075F4324C}.Ad-Hoc|x64.Build.0 = Release|Any CPU
		{6E626BBF-E9AB-4E27-A038-59A075F4324C}.Ad-Hoc|x86.ActiveCfg = Release|Any CPU
		{6E626BBF-E9AB-4E27-A038-59A075F4324C}.Ad-Hoc|x86.Build.0 = Release|Any CPU
		{6E626BBF-E9AB-4E27-A038-59A075F4324C}.AppStore|Any CPU.ActiveCfg = Release|Any CPU
		{6E626BBF-E9AB-4E27-A038-59A075F4324C}.AppStore|Any CPU.Build.0 = Release|Any CPU
		{6E626BBF-E9AB-4E27-A038-59A075F4324C}.AppStore|ARM.ActiveCfg = Release|Any CPU
		{6E626BBF-E9AB-4E27-A038-59A075F4324C}.AppStore|ARM.Build.0 = Release|Any CPU
		{6E626BBF-E9AB-4E27-A038-59A075F4324C}.AppStore|iPhone.ActiveCfg = Release|Any CPU
		{6E626BBF-E9AB-4E27-A038-59A075F4324C}.AppStore|iPhone.Build.0 = Release|Any CPU
		{6E626BBF-E9AB-4E27-A038-59A075F4324C}.AppStore|iPhoneSimulator.ActiveCfg = Release|Any CPU
		{6E626BBF-E9AB-4E27-A038-59A075F4324C}.AppStore|iPhoneSimulator.Build.0 = Release|Any CPU
		{6E626BBF-E9AB-4E27-A038-59A075F4324C}.AppStore|x64.ActiveCfg = Release|Any CPU
		{6E626BBF-E9AB-4E27-A038-59A075F4324C}.AppStore|x64.Build.0 = Release|Any CPU
		{6E626BBF-E9AB-4E27-A038-59A075F4324C}.AppStore|x86.ActiveCfg = Release|Any CPU
		{6E626BBF-E9AB-4E27-A038-59A075F4324C}.AppStore|x86.Build.0 = Release|Any CPU
		{6E626BBF-E9AB-4E27-A038-59A075F4324C}.Debug|Any CPU.ActiveCfg = Debug|Any CPU
		{6E626BBF-E9AB-4E27-A038-59A075F4324C}.Debug|Any CPU.Build.0 = Debug|Any CPU
		{6E626BBF-E9AB-4E27-A038-59A075F4324C}.Debug|ARM.ActiveCfg = Debug|Any CPU
		{6E626BBF-E9AB-4E27-A038-59A075F4324C}.Debug|ARM.Build.0 = Debug|Any CPU
		{6E626BBF-E9AB-4E27-A038-59A075F4324C}.Debug|iPhone.ActiveCfg = Debug|Any CPU
		{6E626BBF-E9AB-4E27-A038-59A075F4324C}.Debug|iPhone.Build.0 = Debug|Any CPU
		{6E626BBF-E9AB-4E27-A038-59A075F4324C}.Debug|iPhoneSimulator.ActiveCfg = Debug|Any CPU
		{6E626BBF-E9AB-4E27-A038-59A075F4324C}.Debug|iPhoneSimulator.Build.0 = Debug|Any CPU
		{6E626BBF-E9AB-4E27-A038-59A075F4324C}.Debug|x64.ActiveCfg = Debug|Any CPU
		{6E626BBF-E9AB-4E27-A038-59A075F4324C}.Debug|x64.Build.0 = Debug|Any CPU
		{6E626BBF-E9AB-4E27-A038-59A075F4324C}.Debug|x86.ActiveCfg = Debug|Any CPU
		{6E626BBF-E9AB-4E27-A038-59A075F4324C}.Debug|x86.Build.0 = Debug|Any CPU
		{6E626BBF-E9AB-4E27-A038-59A075F4324C}.Release|Any CPU.ActiveCfg = Release|Any CPU
		{6E626BBF-E9AB-4E27-A038-59A075F4324C}.Release|Any CPU.Build.0 = Release|Any CPU
		{6E626BBF-E9AB-4E27-A038-59A075F4324C}.Release|ARM.ActiveCfg = Release|Any CPU
		{6E626BBF-E9AB-4E27-A038-59A075F4324C}.Release|ARM.Build.0 = Release|Any CPU
		{6E626BBF-E9AB-4E27-A038-59A075F4324C}.Release|iPhone.ActiveCfg = Release|Any CPU
		{6E626BBF-E9AB-4E27-A038-59A075F4324C}.Release|iPhone.Build.0 = Release|Any CPU
		{6E626BBF-E9AB-4E27-A038-59A075F4324C}.Release|iPhoneSimulator.ActiveCfg = Release|Any CPU
		{6E626BBF-E9AB-4E27-A038-59A075F4324C}.Release|iPhoneSimulator.Build.0 = Release|Any CPU
		{6E626BBF-E9AB-4E27-A038-59A075F4324C}.Release|x64.ActiveCfg = Release|Any CPU
		{6E626BBF-E9AB-4E27-A038-59A075F4324C}.Release|x64.Build.0 = Release|Any CPU
		{6E626BBF-E9AB-4E27-A038-59A075F4324C}.Release|x86.ActiveCfg = Release|Any CPU
		{6E626BBF-E9AB-4E27-A038-59A075F4324C}.Release|x86.Build.0 = Release|Any CPU
		{50AC21DA-D404-45B6-BC13-385BB4CB6E38}.Ad-Hoc|Any CPU.ActiveCfg = Release|x86
		{50AC21DA-D404-45B6-BC13-385BB4CB6E38}.Ad-Hoc|Any CPU.Build.0 = Release|x86
		{50AC21DA-D404-45B6-BC13-385BB4CB6E38}.Ad-Hoc|Any CPU.Deploy.0 = Release|x86
		{50AC21DA-D404-45B6-BC13-385BB4CB6E38}.Ad-Hoc|ARM.ActiveCfg = Release|ARM
		{50AC21DA-D404-45B6-BC13-385BB4CB6E38}.Ad-Hoc|ARM.Build.0 = Release|ARM
		{50AC21DA-D404-45B6-BC13-385BB4CB6E38}.Ad-Hoc|ARM.Deploy.0 = Release|ARM
		{50AC21DA-D404-45B6-BC13-385BB4CB6E38}.Ad-Hoc|iPhone.ActiveCfg = Release|x86
		{50AC21DA-D404-45B6-BC13-385BB4CB6E38}.Ad-Hoc|iPhone.Build.0 = Release|x86
		{50AC21DA-D404-45B6-BC13-385BB4CB6E38}.Ad-Hoc|iPhone.Deploy.0 = Release|x86
		{50AC21DA-D404-45B6-BC13-385BB4CB6E38}.Ad-Hoc|iPhoneSimulator.ActiveCfg = Release|x86
		{50AC21DA-D404-45B6-BC13-385BB4CB6E38}.Ad-Hoc|iPhoneSimulator.Build.0 = Release|x86
		{50AC21DA-D404-45B6-BC13-385BB4CB6E38}.Ad-Hoc|iPhoneSimulator.Deploy.0 = Release|x86
		{50AC21DA-D404-45B6-BC13-385BB4CB6E38}.Ad-Hoc|x64.ActiveCfg = Release|x64
		{50AC21DA-D404-45B6-BC13-385BB4CB6E38}.Ad-Hoc|x64.Build.0 = Release|x64
		{50AC21DA-D404-45B6-BC13-385BB4CB6E38}.Ad-Hoc|x64.Deploy.0 = Release|x64
		{50AC21DA-D404-45B6-BC13-385BB4CB6E38}.Ad-Hoc|x86.ActiveCfg = Release|x86
		{50AC21DA-D404-45B6-BC13-385BB4CB6E38}.Ad-Hoc|x86.Build.0 = Release|x86
		{50AC21DA-D404-45B6-BC13-385BB4CB6E38}.Ad-Hoc|x86.Deploy.0 = Release|x86
		{50AC21DA-D404-45B6-BC13-385BB4CB6E38}.AppStore|Any CPU.ActiveCfg = Release|x86
		{50AC21DA-D404-45B6-BC13-385BB4CB6E38}.AppStore|Any CPU.Build.0 = Release|x86
		{50AC21DA-D404-45B6-BC13-385BB4CB6E38}.AppStore|Any CPU.Deploy.0 = Release|x86
		{50AC21DA-D404-45B6-BC13-385BB4CB6E38}.AppStore|ARM.ActiveCfg = Release|ARM
		{50AC21DA-D404-45B6-BC13-385BB4CB6E38}.AppStore|ARM.Build.0 = Release|ARM
		{50AC21DA-D404-45B6-BC13-385BB4CB6E38}.AppStore|ARM.Deploy.0 = Release|ARM
		{50AC21DA-D404-45B6-BC13-385BB4CB6E38}.AppStore|iPhone.ActiveCfg = Release|x86
		{50AC21DA-D404-45B6-BC13-385BB4CB6E38}.AppStore|iPhone.Build.0 = Release|x86
		{50AC21DA-D404-45B6-BC13-385BB4CB6E38}.AppStore|iPhone.Deploy.0 = Release|x86
		{50AC21DA-D404-45B6-BC13-385BB4CB6E38}.AppStore|iPhoneSimulator.ActiveCfg = Release|x86
		{50AC21DA-D404-45B6-BC13-385BB4CB6E38}.AppStore|iPhoneSimulator.Build.0 = Release|x86
		{50AC21DA-D404-45B6-BC13-385BB4CB6E38}.AppStore|iPhoneSimulator.Deploy.0 = Release|x86
		{50AC21DA-D404-45B6-BC13-385BB4CB6E38}.AppStore|x64.ActiveCfg = Release|x64
		{50AC21DA-D404-45B6-BC13-385BB4CB6E38}.AppStore|x64.Build.0 = Release|x64
		{50AC21DA-D404-45B6-BC13-385BB4CB6E38}.AppStore|x64.Deploy.0 = Release|x64
		{50AC21DA-D404-45B6-BC13-385BB4CB6E38}.AppStore|x86.ActiveCfg = Release|x86
		{50AC21DA-D404-45B6-BC13-385BB4CB6E38}.AppStore|x86.Build.0 = Release|x86
		{50AC21DA-D404-45B6-BC13-385BB4CB6E38}.AppStore|x86.Deploy.0 = Release|x86
		{50AC21DA-D404-45B6-BC13-385BB4CB6E38}.Debug|Any CPU.ActiveCfg = Debug|x86
		{50AC21DA-D404-45B6-BC13-385BB4CB6E38}.Debug|ARM.ActiveCfg = Debug|ARM
		{50AC21DA-D404-45B6-BC13-385BB4CB6E38}.Debug|ARM.Build.0 = Debug|ARM
		{50AC21DA-D404-45B6-BC13-385BB4CB6E38}.Debug|ARM.Deploy.0 = Debug|ARM
		{50AC21DA-D404-45B6-BC13-385BB4CB6E38}.Debug|iPhone.ActiveCfg = Debug|x86
		{50AC21DA-D404-45B6-BC13-385BB4CB6E38}.Debug|iPhoneSimulator.ActiveCfg = Debug|x86
		{50AC21DA-D404-45B6-BC13-385BB4CB6E38}.Debug|x64.ActiveCfg = Debug|x64
		{50AC21DA-D404-45B6-BC13-385BB4CB6E38}.Debug|x64.Build.0 = Debug|x64
		{50AC21DA-D404-45B6-BC13-385BB4CB6E38}.Debug|x64.Deploy.0 = Debug|x64
		{50AC21DA-D404-45B6-BC13-385BB4CB6E38}.Debug|x86.ActiveCfg = Debug|x86
		{50AC21DA-D404-45B6-BC13-385BB4CB6E38}.Debug|x86.Build.0 = Debug|x86
		{50AC21DA-D404-45B6-BC13-385BB4CB6E38}.Debug|x86.Deploy.0 = Debug|x86
		{50AC21DA-D404-45B6-BC13-385BB4CB6E38}.Release|Any CPU.ActiveCfg = Release|x86
		{50AC21DA-D404-45B6-BC13-385BB4CB6E38}.Release|ARM.ActiveCfg = Release|ARM
		{50AC21DA-D404-45B6-BC13-385BB4CB6E38}.Release|ARM.Build.0 = Release|ARM
		{50AC21DA-D404-45B6-BC13-385BB4CB6E38}.Release|ARM.Deploy.0 = Release|ARM
		{50AC21DA-D404-45B6-BC13-385BB4CB6E38}.Release|iPhone.ActiveCfg = Release|x86
		{50AC21DA-D404-45B6-BC13-385BB4CB6E38}.Release|iPhoneSimulator.ActiveCfg = Release|x86
		{50AC21DA-D404-45B6-BC13-385BB4CB6E38}.Release|x64.ActiveCfg = Release|x64
		{50AC21DA-D404-45B6-BC13-385BB4CB6E38}.Release|x64.Build.0 = Release|x64
		{50AC21DA-D404-45B6-BC13-385BB4CB6E38}.Release|x64.Deploy.0 = Release|x64
		{50AC21DA-D404-45B6-BC13-385BB4CB6E38}.Release|x86.ActiveCfg = Release|x86
		{50AC21DA-D404-45B6-BC13-385BB4CB6E38}.Release|x86.Build.0 = Release|x86
		{50AC21DA-D404-45B6-BC13-385BB4CB6E38}.Release|x86.Deploy.0 = Release|x86
		{778BE343-14CC-47CC-A23B-7B0779029287}.Ad-Hoc|Any CPU.ActiveCfg = Ad-Hoc|iPhone
		{778BE343-14CC-47CC-A23B-7B0779029287}.Ad-Hoc|ARM.ActiveCfg = Ad-Hoc|iPhone
		{778BE343-14CC-47CC-A23B-7B0779029287}.Ad-Hoc|iPhone.ActiveCfg = Ad-Hoc|iPhone
		{778BE343-14CC-47CC-A23B-7B0779029287}.Ad-Hoc|iPhone.Build.0 = Ad-Hoc|iPhone
		{778BE343-14CC-47CC-A23B-7B0779029287}.Ad-Hoc|iPhoneSimulator.ActiveCfg = Ad-Hoc|iPhoneSimulator
		{778BE343-14CC-47CC-A23B-7B0779029287}.Ad-Hoc|iPhoneSimulator.Build.0 = Ad-Hoc|iPhoneSimulator
		{778BE343-14CC-47CC-A23B-7B0779029287}.Ad-Hoc|x64.ActiveCfg = Ad-Hoc|iPhone
		{778BE343-14CC-47CC-A23B-7B0779029287}.Ad-Hoc|x86.ActiveCfg = Ad-Hoc|iPhone
		{778BE343-14CC-47CC-A23B-7B0779029287}.AppStore|Any CPU.ActiveCfg = AppStore|iPhone
		{778BE343-14CC-47CC-A23B-7B0779029287}.AppStore|ARM.ActiveCfg = AppStore|iPhone
		{778BE343-14CC-47CC-A23B-7B0779029287}.AppStore|iPhone.ActiveCfg = AppStore|iPhone
		{778BE343-14CC-47CC-A23B-7B0779029287}.AppStore|iPhone.Build.0 = AppStore|iPhone
		{778BE343-14CC-47CC-A23B-7B0779029287}.AppStore|iPhoneSimulator.ActiveCfg = AppStore|iPhoneSimulator
		{778BE343-14CC-47CC-A23B-7B0779029287}.AppStore|iPhoneSimulator.Build.0 = AppStore|iPhoneSimulator
		{778BE343-14CC-47CC-A23B-7B0779029287}.AppStore|x64.ActiveCfg = AppStore|iPhone
		{778BE343-14CC-47CC-A23B-7B0779029287}.AppStore|x86.ActiveCfg = AppStore|iPhone
		{778BE343-14CC-47CC-A23B-7B0779029287}.Debug|Any CPU.ActiveCfg = Debug|iPhone
		{778BE343-14CC-47CC-A23B-7B0779029287}.Debug|ARM.ActiveCfg = Debug|iPhone
		{778BE343-14CC-47CC-A23B-7B0779029287}.Debug|iPhone.ActiveCfg = Debug|iPhone
		{778BE343-14CC-47CC-A23B-7B0779029287}.Debug|iPhone.Build.0 = Debug|iPhone
		{778BE343-14CC-47CC-A23B-7B0779029287}.Debug|iPhoneSimulator.ActiveCfg = Debug|iPhoneSimulator
		{778BE343-14CC-47CC-A23B-7B0779029287}.Debug|iPhoneSimulator.Build.0 = Debug|iPhoneSimulator
		{778BE343-14CC-47CC-A23B-7B0779029287}.Debug|x64.ActiveCfg = Debug|iPhone
		{778BE343-14CC-47CC-A23B-7B0779029287}.Debug|x86.ActiveCfg = Debug|iPhone
		{778BE343-14CC-47CC-A23B-7B0779029287}.Release|Any CPU.ActiveCfg = Release|iPhone
		{778BE343-14CC-47CC-A23B-7B0779029287}.Release|ARM.ActiveCfg = Release|iPhone
		{778BE343-14CC-47CC-A23B-7B0779029287}.Release|iPhone.ActiveCfg = Release|iPhone
		{778BE343-14CC-47CC-A23B-7B0779029287}.Release|iPhone.Build.0 = Release|iPhone
		{778BE343-14CC-47CC-A23B-7B0779029287}.Release|iPhoneSimulator.ActiveCfg = Release|iPhoneSimulator
		{778BE343-14CC-47CC-A23B-7B0779029287}.Release|iPhoneSimulator.Build.0 = Release|iPhoneSimulator
		{778BE343-14CC-47CC-A23B-7B0779029287}.Release|x64.ActiveCfg = Release|iPhone
		{778BE343-14CC-47CC-A23B-7B0779029287}.Release|x86.ActiveCfg = Release|iPhone
	EndGlobalSection
	GlobalSection(SolutionProperties) = preSolution
		HideSolutionNode = FALSE
	EndGlobalSection
	GlobalSection(ExtensibilityGlobals) = postSolution
		SolutionGuid = {12E24F02-4EB6-4AB1-8510-321C5A83041D}
	EndGlobalSection
EndGlobal
